
Microsoft Visual Studio Solution File, Format Version 12.00
# Visual Studio 2012
Project("{FAE04EC0-301F-11D3-BF4B-00C04F79EFBC}") = "Labores.Web", "Labores.Web\Labores.Web.csproj", "{D626B9DA-ADF6-467D-A1BC-33978461E699}"
EndProject
Project("{FAE04EC0-301F-11D3-BF4B-00C04F79EFBC}") = "Labores.Tests", "Labores.Tests\Labores.Tests.csproj", "{25A2E367-761D-49E8-AF87-0C97D3BB3B81}"
EndProject
Project("{FAE04EC0-301F-11D3-BF4B-00C04F79EFBC}") = "Labores.Entities", "Labores.Entities\Labores.Entities.csproj", "{F632623E-A64E-492B-A569-6A770FFA6C40}"
EndProject
Project("{FAE04EC0-301F-11D3-BF4B-00C04F79EFBC}") = "Labores.Context", "Labores.Context\Labores.Context.csproj", "{64E7703C-42A2-4F41-BE64-9D9F83C50F02}"
EndProject
Global
	GlobalSection(SolutionConfigurationPlatforms) = preSolution
		Debug|Any CPU = Debug|Any CPU
		Release|Any CPU = Release|Any CPU
	EndGlobalSection
	GlobalSection(ProjectConfigurationPlatforms) = postSolution
		{D626B9DA-ADF6-467D-A1BC-33978461E699}.Debug|Any CPU.ActiveCfg = Debug|Any CPU
		{D626B9DA-ADF6-467D-A1BC-33978461E699}.Debug|Any CPU.Build.0 = Debug|Any CPU
		{D626B9DA-ADF6-467D-A1BC-33978461E699}.Release|Any CPU.ActiveCfg = Release|Any CPU
		{D626B9DA-ADF6-467D-A1BC-33978461E699}.Release|Any CPU.Build.0 = Release|Any CPU
		{25A2E367-761D-49E8-AF87-0C97D3BB3B81}.Debug|Any CPU.ActiveCfg = Debug|Any CPU
		{25A2E367-761D-49E8-AF87-0C97D3BB3B81}.Debug|Any CPU.Build.0 = Debug|Any CPU
		{25A2E367-761D-49E8-AF87-0C97D3BB3B81}.Release|Any CPU.ActiveCfg = Release|Any CPU
		{25A2E367-761D-49E8-AF87-0C97D3BB3B81}.Release|Any CPU.Build.0 = Release|Any CPU
		{F632623E-A64E-492B-A569-6A770FFA6C40}.Debug|Any CPU.ActiveCfg = Debug|Any CPU
		{F632623E-A64E-492B-A569-6A770FFA6C40}.Debug|Any CPU.Build.0 = Debug|Any CPU
		{F632623E-A64E-492B-A569-6A770FFA6C40}.Release|Any CPU.ActiveCfg = Release|Any CPU
		{F632623E-A64E-492B-A569-6A770FFA6C40}.Release|Any CPU.Build.0 = Release|Any CPU
		{64E7703C-42A2-4F41-BE64-9D9F83C50F02}.Debug|Any CPU.ActiveCfg = Debug|Any CPU
		{64E7703C-42A2-4F41-BE64-9D9F83C50F02}.Debug|Any CPU.Build.0 = Debug|Any CPU
		{64E7703C-42A2-4F41-BE64-9D9F83C50F02}.Release|Any CPU.ActiveCfg = Release|Any CPU
		{64E7703C-42A2-4F41-BE64-9D9F83C50F02}.Release|Any CPU.Build.0 = Release|Any CPU
	EndGlobalSection
	GlobalSection(SolutionProperties) = preSolution
		HideSolutionNode = FALSE
	EndGlobalSection
EndGlobal
